
Microsoft Visual Studio Solution File, Format Version 11.00
# Visual C# Express 2010
Project("{FAE04EC0-301F-11D3-BF4B-00C04F79EFBC}") = "FightForFame", "FightForFame\FightForFame\FightForFame.csproj", "{9E5E6ACE-1EFF-4B16-8931-4BBEB7FD097D}"
EndProject
Project("{96E2B04D-8817-42C6-938A-82C39BA4D311}") = "FightForFameContent", "FightForFame\FightForFameContent\FightForFameContent.contentproj", "{AB1ADA70-B134-4395-BCBE-56BF708BABFE}"
EndProject
Project("{FAE04EC0-301F-11D3-BF4B-00C04F79EFBC}") = "XNARPGFFFLibrary", "XNARPGFFFLibrary\XNARPGFFFLibrary.csproj", "{AD17D6E2-C0E2-4E0E-88A6-8077D13C9DD5}"
EndProject
Project("{FAE04EC0-301F-11D3-BF4B-00C04F79EFBC}") = "RPGFFFLibrary", "RPGFFFLibrary\RPGFFFLibrary.csproj", "{2E177F45-FAAF-4C70-A142-7BB3E8129C6E}"
EndProject
Global
	GlobalSection(SolutionConfigurationPlatforms) = preSolution
		Debug|Any CPU = Debug|Any CPU
		Debug|Mixed Platforms = Debug|Mixed Platforms
		Debug|x86 = Debug|x86
		Release|Any CPU = Release|Any CPU
		Release|Mixed Platforms = Release|Mixed Platforms
		Release|x86 = Release|x86
	EndGlobalSection
	GlobalSection(ProjectConfigurationPlatforms) = postSolution
		{9E5E6ACE-1EFF-4B16-8931-4BBEB7FD097D}.Debug|Any CPU.ActiveCfg = Debug|x86
		{9E5E6ACE-1EFF-4B16-8931-4BBEB7FD097D}.Debug|Mixed Platforms.ActiveCfg = Debug|x86
		{9E5E6ACE-1EFF-4B16-8931-4BBEB7FD097D}.Debug|Mixed Platforms.Build.0 = Debug|x86
		{9E5E6ACE-1EFF-4B16-8931-4BBEB7FD097D}.Debug|x86.ActiveCfg = Debug|x86
		{9E5E6ACE-1EFF-4B16-8931-4BBEB7FD097D}.Debug|x86.Build.0 = Debug|x86
		{9E5E6ACE-1EFF-4B16-8931-4BBEB7FD097D}.Release|Any CPU.ActiveCfg = Release|x86
		{9E5E6ACE-1EFF-4B16-8931-4BBEB7FD097D}.Release|Mixed Platforms.ActiveCfg = Release|x86
		{9E5E6ACE-1EFF-4B16-8931-4BBEB7FD097D}.Release|Mixed Platforms.Build.0 = Release|x86
		{9E5E6ACE-1EFF-4B16-8931-4BBEB7FD097D}.Release|x86.ActiveCfg = Release|x86
		{9E5E6ACE-1EFF-4B16-8931-4BBEB7FD097D}.Release|x86.Build.0 = Release|x86
		{AB1ADA70-B134-4395-BCBE-56BF708BABFE}.Debug|Any CPU.ActiveCfg = Debug|x86
		{AB1ADA70-B134-4395-BCBE-56BF708BABFE}.Debug|Mixed Platforms.ActiveCfg = Debug|x86
		{AB1ADA70-B134-4395-BCBE-56BF708BABFE}.Debug|x86.ActiveCfg = Debug|x86
		{AB1ADA70-B134-4395-BCBE-56BF708BABFE}.Release|Any CPU.ActiveCfg = Release|x86
		{AB1ADA70-B134-4395-BCBE-56BF708BABFE}.Release|Mixed Platforms.ActiveCfg = Release|x86
		{AB1ADA70-B134-4395-BCBE-56BF708BABFE}.Release|x86.ActiveCfg = Release|x86
		{AD17D6E2-C0E2-4E0E-88A6-8077D13C9DD5}.Debug|Any CPU.ActiveCfg = Debug|x86
		{AD17D6E2-C0E2-4E0E-88A6-8077D13C9DD5}.Debug|Mixed Platforms.ActiveCfg = Debug|x86
		{AD17D6E2-C0E2-4E0E-88A6-8077D13C9DD5}.Debug|Mixed Platforms.Build.0 = Debug|x86
		{AD17D6E2-C0E2-4E0E-88A6-8077D13C9DD5}.Debug|x86.ActiveCfg = Debug|x86
		{AD17D6E2-C0E2-4E0E-88A6-8077D13C9DD5}.Debug|x86.Build.0 = Debug|x86
		{AD17D6E2-C0E2-4E0E-88A6-8077D13C9DD5}.Release|Any CPU.ActiveCfg = Release|x86
		{AD17D6E2-C0E2-4E0E-88A6-8077D13C9DD5}.Release|Mixed Platforms.ActiveCfg = Release|x86
		{AD17D6E2-C0E2-4E0E-88A6-8077D13C9DD5}.Release|Mixed Platforms.Build.0 = Release|x86
		{AD17D6E2-C0E2-4E0E-88A6-8077D13C9DD5}.Release|x86.ActiveCfg = Release|x86
		{AD17D6E2-C0E2-4E0E-88A6-8077D13C9DD5}.Release|x86.Build.0 = Release|x86
		{2E177F45-FAAF-4C70-A142-7BB3E8129C6E}.Debug|Any CPU.ActiveCfg = Debug|Any CPU
		{2E177F45-FAAF-4C70-A142-7BB3E8129C6E}.Debug|Any CPU.Build.0 = Debug|Any CPU
		{2E177F45-FAAF-4C70-A142-7BB3E8129C6E}.Debug|Mixed Platforms.ActiveCfg = Debug|Any CPU
		{2E177F45-FAAF-4C70-A142-7BB3E8129C6E}.Debug|Mixed Platforms.Build.0 = Debug|Any CPU
		{2E177F45-FAAF-4C70-A142-7BB3E8129C6E}.Debug|x86.ActiveCfg = Debug|Any CPU
		{2E177F45-FAAF-4C70-A142-7BB3E8129C6E}.Release|Any CPU.ActiveCfg = Release|Any CPU
		{2E177F45-FAAF-4C70-A142-7BB3E8129C6E}.Release|Any CPU.Build.0 = Release|Any CPU
		{2E177F45-FAAF-4C70-A142-7BB3E8129C6E}.Release|Mixed Platforms.ActiveCfg = Release|Any CPU
		{2E177F45-FAAF-4C70-A142-7BB3E8129C6E}.Release|Mixed Platforms.Build.0 = Release|Any CPU
		{2E177F45-FAAF-4C70-A142-7BB3E8129C6E}.Release|x86.ActiveCfg = Release|Any CPU
	EndGlobalSection
	GlobalSection(SolutionProperties) = preSolution
		HideSolutionNode = FALSE
	EndGlobalSection
EndGlobal
